
Microsoft Visual Studio Solution File, Format Version 12.00
# Visual Studio Version 16
VisualStudioVersion = 16.0.31112.23
MinimumVisualStudioVersion = 10.0.40219.1
Project("{FAE04EC0-301F-11D3-BF4B-00C04F79EFBC}") = "iHawkIISLibrary", "iHawkIISLibrary\iHawkIISLibrary.csproj", "{D33255EC-54B5-455C-91BB-E84ABA06D01E}"
EndProject
Project("{FAE04EC0-301F-11D3-BF4B-00C04F79EFBC}") = "IISMonitor.v1", "IISMonitor.v1\IISMonitor.v1.csproj", "{6ED72909-0BE7-4803-BFF1-EF120BD2A956}"
EndProject
Project("{FAE04EC0-301F-11D3-BF4B-00C04F79EFBC}") = "IISMonitor.v2", "IISMonitor.v2\IISMonitor.v2.csproj", "{9EC91CFD-9DEA-44A6-AD52-32CF5AB139E2}"
EndProject
Project("{FAE04EC0-301F-11D3-BF4B-00C04F79EFBC}") = "iHawkIISLibrary.Net5", "iHawkIISLibrary.Net5\iHawkIISLibrary.Net5.csproj", "{0E1FCB30-2B21-4695-8E86-EB3D53E71E3C}"
EndProject
Project("{FAE04EC0-301F-11D3-BF4B-00C04F79EFBC}") = "TestConsoleApp", "TestConsoleApp\TestConsoleApp.csproj", "{0CA7EF43-FE6D-4CE0-BFB8-BEE0FF3BF67F}"
EndProject
Global
	GlobalSection(SolutionConfigurationPlatforms) = preSolution
		Debug|Any CPU = Debug|Any CPU
		Release|Any CPU = Release|Any CPU
	EndGlobalSection
	GlobalSection(ProjectConfigurationPlatforms) = postSolution
		{D33255EC-54B5-455C-91BB-E84ABA06D01E}.Debug|Any CPU.ActiveCfg = Debug|Any CPU
		{D33255EC-54B5-455C-91BB-E84ABA06D01E}.Debug|Any CPU.Build.0 = Debug|Any CPU
		{D33255EC-54B5-455C-91BB-E84ABA06D01E}.Release|Any CPU.ActiveCfg = Release|Any CPU
		{D33255EC-54B5-455C-91BB-E84ABA06D01E}.Release|Any CPU.Build.0 = Release|Any CPU
		{6ED72909-0BE7-4803-BFF1-EF120BD2A956}.Debug|Any CPU.ActiveCfg = Debug|Any CPU
		{6ED72909-0BE7-4803-BFF1-EF120BD2A956}.Debug|Any CPU.Build.0 = Debug|Any CPU
		{6ED72909-0BE7-4803-BFF1-EF120BD2A956}.Release|Any CPU.ActiveCfg = Release|Any CPU
		{6ED72909-0BE7-4803-BFF1-EF120BD2A956}.Release|Any CPU.Build.0 = Release|Any CPU
		{9EC91CFD-9DEA-44A6-AD52-32CF5AB139E2}.Debug|Any CPU.ActiveCfg = Debug|Any CPU
		{9EC91CFD-9DEA-44A6-AD52-32CF5AB139E2}.Debug|Any CPU.Build.0 = Debug|Any CPU
		{9EC91CFD-9DEA-44A6-AD52-32CF5AB139E2}.Release|Any CPU.ActiveCfg = Release|Any CPU
		{9EC91CFD-9DEA-44A6-AD52-32CF5AB139E2}.Release|Any CPU.Build.0 = Release|Any CPU
		{0E1FCB30-2B21-4695-8E86-EB3D53E71E3C}.Debug|Any CPU.ActiveCfg = Debug|Any CPU
		{0E1FCB30-2B21-4695-8E86-EB3D53E71E3C}.Debug|Any CPU.Build.0 = Debug|Any CPU
		{0E1FCB30-2B21-4695-8E86-EB3D53E71E3C}.Release|Any CPU.ActiveCfg = Release|Any CPU
		{0E1FCB30-2B21-4695-8E86-EB3D53E71E3C}.Release|Any CPU.Build.0 = Release|Any CPU
		{0CA7EF43-FE6D-4CE0-BFB8-BEE0FF3BF67F}.Debug|Any CPU.ActiveCfg = Debug|Any CPU
		{0CA7EF43-FE6D-4CE0-BFB8-BEE0FF3BF67F}.Debug|Any CPU.Build.0 = Debug|Any CPU
		{0CA7EF43-FE6D-4CE0-BFB8-BEE0FF3BF67F}.Release|Any CPU.ActiveCfg = Release|Any CPU
		{0CA7EF43-FE6D-4CE0-BFB8-BEE0FF3BF67F}.Release|Any CPU.Build.0 = Release|Any CPU
	EndGlobalSection
	GlobalSection(SolutionProperties) = preSolution
		HideSolutionNode = FALSE
	EndGlobalSection
	GlobalSection(ExtensibilityGlobals) = postSolution
		SolutionGuid = {BEDC070E-CB32-418A-85AE-0E6A1C7CBF97}
	EndGlobalSection
EndGlobal
